// !$*UTF8*$!
{
	archiveVersion = 1;
	classes = {
	};
	objectVersion = 46;
	objects = {

/* Begin PBXBuildFile section */
		4787121B1A4048670046F73C /* AppDelegate.swift in Sources */ = {isa = PBXBuildFile; fileRef = 4787121A1A4048670046F73C /* AppDelegate.swift */; };
		4787121D1A4048670046F73C /* ViewController.swift in Sources */ = {isa = PBXBuildFile; fileRef = 4787121C1A4048670046F73C /* ViewController.swift */; };
		478712201A4048670046F73C /* Main.storyboard in Resources */ = {isa = PBXBuildFile; fileRef = 4787121E1A4048670046F73C /* Main.storyboard */; };
		478712221A4048670046F73C /* Images.xcassets in Resources */ = {isa = PBXBuildFile; fileRef = 478712211A4048670046F73C /* Images.xcassets */; };
		478712251A4048670046F73C /* LaunchScreen.xib in Resources */ = {isa = PBXBuildFile; fileRef = 478712231A4048670046F73C /* LaunchScreen.xib */; };
		478712311A4048670046F73C /* ECSwiftSlidingViewControllerTests.swift in Sources */ = {isa = PBXBuildFile; fileRef = 478712301A4048670046F73C /* ECSwiftSlidingViewControllerTests.swift */; };
/* End PBXBuildFile section */

/* Begin PBXContainerItemProxy section */
		4787122B1A4048670046F73C /* PBXContainerItemProxy */ = {
			isa = PBXContainerItemProxy;
			containerPortal = 4787120D1A4048660046F73C /* Project object */;
			proxyType = 1;
			remoteGlobalIDString = 478712141A4048670046F73C;
			remoteInfo = ECSwiftSlidingViewController;
		};
/* End PBXContainerItemProxy section */

/* Begin PBXFileReference section */
		478712151A4048670046F73C /* ECSwiftSlidingViewController.app */ = {isa = PBXFileReference; explicitFileType = wrapper.application; includeInIndex = 0; path = ECSwiftSlidingViewController.app; sourceTree = BUILT_PRODUCTS_DIR; };
		478712191A4048670046F73C /* Info.plist */ = {isa = PBXFileReference; lastKnownFileType = text.plist.xml; path = Info.plist; sourceTree = "<group>"; };
		4787121A1A4048670046F73C /* AppDelegate.swift */ = {isa = PBXFileReference; lastKnownFileType = sourcecode.swift; path = AppDelegate.swift; sourceTree = "<group>"; };
		4787121C1A4048670046F73C /* ViewController.swift */ = {isa = PBXFileReference; lastKnownFileType = sourcecode.swift; path = ViewController.swift; sourceTree = "<group>"; };
		4787121F1A4048670046F73C /* Base */ = {isa = PBXFileReference; lastKnownFileType = file.storyboard; name = Base; path = Base.lproj/Main.storyboard; sourceTree = "<group>"; };
		478712211A4048670046F73C /* Images.xcassets */ = {isa = PBXFileReference; lastKnownFileType = folder.assetcatalog; path = Images.xcassets; sourceTree = "<group>"; };
		478712241A4048670046F73C /* Base */ = {isa = PBXFileReference; lastKnownFileType = file.xib; name = Base; path = Base.lproj/LaunchScreen.xib; sourceTree = "<group>"; };
		4787122A1A4048670046F73C /* ECSwiftSlidingViewControllerTests.xctest */ = {isa = PBXFileReference; explicitFileType = wrapper.cfbundle; includeInIndex = 0; path = ECSwiftSlidingViewControllerTests.xctest; sourceTree = BUILT_PRODUCTS_DIR; };
		4787122F1A4048670046F73C /* Info.plist */ = {isa = PBXFileReference; lastKnownFileType = text.plist.xml; path = Info.plist; sourceTree = "<group>"; };
		478712301A4048670046F73C /* ECSwiftSlidingViewControllerTests.swift */ = {isa = PBXFileReference; lastKnownFileType = sourcecode.swift; path = ECSwiftSlidingViewControllerTests.swift; sourceTree = "<group>"; };
/* End PBXFileReference section */

/* Begin PBXFrameworksBuildPhase section */
		478712121A4048670046F73C /* Frameworks */ = {
			isa = PBXFrameworksBuildPhase;
			buildActionMask = 2147483647;
			files = (
			);
			runOnlyForDeploymentPostprocessing = 0;
		};
		478712271A4048670046F73C /* Frameworks */ = {
			isa = PBXFrameworksBuildPhase;
			buildActionMask = 2147483647;
			files = (
			);
			runOnlyForDeploymentPostprocessing = 0;
		};
/* End PBXFrameworksBuildPhase section */

/* Begin PBXGroup section */
		4787120C1A4048660046F73C = {
			isa = PBXGroup;
			children = (
				478712171A4048670046F73C /* ECSwiftSlidingViewController */,
				4787122D1A4048670046F73C /* ECSwiftSlidingViewControllerTests */,
				478712161A4048670046F73C /* Products */,
			);
			sourceTree = "<group>";
		};
		478712161A4048670046F73C /* Products */ = {
			isa = PBXGroup;
			children = (
				478712151A4048670046F73C /* ECSwiftSlidingViewController.app */,
				4787122A1A4048670046F73C /* ECSwiftSlidingViewControllerTests.xctest */,
			);
			name = Products;
			sourceTree = "<group>";
		};
		478712171A4048670046F73C /* ECSwiftSlidingViewController */ = {
			isa = PBXGroup;
			children = (
				4787121A1A4048670046F73C /* AppDelegate.swift */,
				4787121C1A4048670046F73C /* ViewController.swift */,
				4787121E1A4048670046F73C /* Main.storyboard */,
				478712211A4048670046F73C /* Images.xcassets */,
				478712231A4048670046F73C /* LaunchScreen.xib */,
				478712181A4048670046F73C /* Supporting Files */,
			);
			path = ECSwiftSlidingViewController;
			sourceTree = "<group>";
		};
		478712181A4048670046F73C /* Supporting Files */ = {
			isa = PBXGroup;
			children = (
				478712191A4048670046F73C /* Info.plist */,
			);
			name = "Supporting Files";
			sourceTree = "<group>";
		};
		4787122D1A4048670046F73C /* ECSwiftSlidingViewControllerTests */ = {
			isa = PBXGroup;
			children = (
				478712301A4048670046F73C /* ECSwiftSlidingViewControllerTests.swift */,
				4787122E1A4048670046F73C /* Supporting Files */,
			);
			path = ECSwiftSlidingViewControllerTests;
			sourceTree = "<group>";
		};
		4787122E1A4048670046F73C /* Supporting Files */ = {
			isa = PBXGroup;
			children = (
				4787122F1A4048670046F73C /* Info.plist */,
			);
			name = "Supporting Files";
			sourceTree = "<group>";
		};
/* End PBXGroup section */

/* Begin PBXNativeTarget section */
		478712141A4048670046F73C /* ECSwiftSlidingViewController */ = {
			isa = PBXNativeTarget;
			buildConfigurationList = 478712341A4048670046F73C /* Build configuration list for PBXNativeTarget "ECSwiftSlidingViewController" */;
			buildPhases = (
				478712111A4048670046F73C /* Sources */,
				478712121A4048670046F73C /* Frameworks */,
				478712131A4048670046F73C /* Resources */,
			);
			buildRules = (
			);
			dependencies = (
			);
			name = ECSwiftSlidingViewController;
			productName = ECSwiftSlidingViewController;
			productReference = 478712151A4048670046F73C /* ECSwiftSlidingViewController.app */;
			productType = "com.apple.product-type.application";
		};
		478712291A4048670046F73C /* ECSwiftSlidingViewControllerTests */ = {
			isa = PBXNativeTarget;
			buildConfigurationList = 478712371A4048670046F73C /* Build configuration list for PBXNativeTarget "ECSwiftSlidingViewControllerTests" */;
			buildPhases = (
				478712261A4048670046F73C /* Sources */,
				478712271A4048670046F73C /* Frameworks */,
				478712281A4048670046F73C /* Resources */,
			);
			buildRules = (
			);
			dependencies = (
				4787122C1A4048670046F73C /* PBXTargetDependency */,
			);
			name = ECSwiftSlidingViewControllerTests;
			productName = ECSwiftSlidingViewControllerTests;
			productReference = 4787122A1A4048670046F73C /* ECSwiftSlidingViewControllerTests.xctest */;
			productType = "com.apple.product-type.bundle.unit-test";
		};
/* End PBXNativeTarget section */

/* Begin PBXProject section */
		4787120D1A4048660046F73C /* Project object */ = {
			isa = PBXProject;
			attributes = {
				LastUpgradeCheck = 0610;
				ORGANIZATIONNAME = "Mihael Isaev inc.";
				TargetAttributes = {
					478712141A4048670046F73C = {
						CreatedOnToolsVersion = 6.1.1;
					};
					478712291A4048670046F73C = {
						CreatedOnToolsVersion = 6.1.1;
						TestTargetID = 478712141A4048670046F73C;
					};
				};
			};
			buildConfigurationList = 478712101A4048660046F73C /* Build configuration list for PBXProject "ECSwiftSlidingViewController" */;
			compatibilityVersion = "Xcode 3.2";
			developmentRegion = English;
			hasScannedForEncodings = 0;
			knownRegions = (
				en,
				Base,
			);
			mainGroup = 4787120C1A4048660046F73C;
			productRefGroup = 478712161A4048670046F73C /* Products */;
			projectDirPath = "";
			projectRoot = "";
			targets = (
				478712141A4048670046F73C /* ECSwiftSlidingViewController */,
				478712291A4048670046F73C /* ECSwiftSlidingViewControllerTests */,
			);
		};
/* End PBXProject section */

/* Begin PBXResourcesBuildPhase section */
		478712131A4048670046F73C /* Resources */ = {
			isa = PBXResourcesBuildPhase;
			buildActionMask = 2147483647;
			files = (
				478712201A4048670046F73C /* Main.storyboard in Resources */,
				478712251A4048670046F73C /* LaunchScreen.xib in Resources */,
				478712221A4048670046F73C /* Images.xcassets in Resources */,
			);
			runOnlyForDeploymentPostprocessing = 0;
		};
		478712281A4048670046F73C /* Resources */ = {
			isa = PBXResourcesBuildPhase;
			buildActionMask = 2147483647;
			files = (
			);
			runOnlyForDeploymentPostprocessing = 0;
		};
/* End PBXResourcesBuildPhase section */

/* Begin PBXSourcesBuildPhase section */
		478712111A4048670046F73C /* Sources */ = {
			isa = PBXSourcesBuildPhase;
			buildActionMask = 2147483647;
			files = (
				4787121D1A4048670046F73C /* ViewController.swift in Sources */,
				4787121B1A4048670046F73C /* AppDelegate.swift in Sources */,
			);
			runOnlyForDeploymentPostprocessing = 0;
		};
		478712261A4048670046F73C /* Sources */ = {
			isa = PBXSourcesBuildPhase;
			buildActionMask = 2147483647;
			files = (
				478712311A4048670046F73C /* ECSwiftSlidingViewControllerTests.swift in Sources */,
			);
			runOnlyForDeploymentPostprocessing = 0;
		};
/* End PBXSourcesBuildPhase section */

/* Begin PBXTargetDependency section */
		4787122C1A4048670046F73C /* PBXTargetDependency */ = {
			isa = PBXTargetDependency;
			target = 478712141A4048670046F73C /* ECSwiftSlidingViewController */;
			targetProxy = 4787122B1A4048670046F73C /* PBXContainerItemProxy */;
		};
/* End PBXTargetDependency section */

/* Begin PBXVariantGroup section */
		4787121E1A4048670046F73C /* Main.storyboard */ = {
			isa = PBXVariantGroup;
			children = (
				4787121F1A4048670046F73C /* Base */,
			);
			name = Main.storyboard;
			sourceTree = "<group>";
		};
		478712231A4048670046F73C /* LaunchScreen.xib */ = {
			isa = PBXVariantGroup;
			children = (
				478712241A4048670046F73C /* Base */,
			);
			name = LaunchScreen.xib;
			sourceTree = "<group>";
		};
/* End PBXVariantGroup section */

/* Begin XCBuildConfiguration section */
		478712321A4048670046F73C /* Debug */ = {
			isa = XCBuildConfiguration;
			buildSettings = {
				ALWAYS_SEARCH_USER_PATHS = NO;
				CLANG_CXX_LANGUAGE_STANDARD = "gnu++0x";
				CLANG_CXX_LIBRARY = "libc++";
				CLANG_ENABLE_MODULES = YES;
				CLANG_ENABLE_OBJC_ARC = YES;
				CLANG_WARN_BOOL_CONVERSION = YES;
				CLANG_WARN_CONSTANT_CONVERSION = YES;
				CLANG_WARN_DIRECT_OBJC_ISA_USAGE = YES_ERROR;
				CLANG_WARN_EMPTY_BODY = YES;
				CLANG_WARN_ENUM_CONVERSION = YES;
				CLANG_WARN_INT_CONVERSION = YES;
				CLANG_WARN_OBJC_ROOT_CLASS = YES_ERROR;
				CLANG_WARN_UNREACHABLE_CODE = YES;
				CLANG_WARN__DUPLICATE_METHOD_MATCH = YES;
				"CODE_SIGN_IDENTITY[sdk=iphoneos*]" = "iPhone Developer";
				COPY_PHASE_STRIP = NO;
				ENABLE_STRICT_OBJC_MSGSEND = YES;
				GCC_C_LANGUAGE_STANDARD = gnu99;
				GCC_DYNAMIC_NO_PIC = NO;
				GCC_OPTIMIZATION_LEVEL = 0;
				GCC_PREPROCESSOR_DEFINITIONS = (
					"DEBUG=1",
					"$(inherited)",
				);
				GCC_SYMBOLS_PRIVATE_EXTERN = NO;
				GCC_WARN_64_TO_32_BIT_CONVERSION = YES;
				GCC_WARN_ABOUT_RETURN_TYPE = YES_ERROR;
				GCC_WARN_UNDECLARED_SELECTOR = YES;
				GCC_WARN_UNINITIALIZED_AUTOS = YES_AGGRESSIVE;
				GCC_WARN_UNUSED_FUNCTION = YES;
				GCC_WARN_UNUSED_VARIABLE = YES;
				IPHONEOS_DEPLOYMENT_TARGET = 8.1;
				MTL_ENABLE_DEBUG_INFO = YES;
				ONLY_ACTIVE_ARCH = YES;
				SDKROOT = iphoneos;
				SWIFT_OPTIMIZATION_LEVEL = "-Onone";
				TARGETED_DEVICE_FAMILY = "1,2";
			};
			name = Debug;
		};
		478712331A4048670046F73C /* Release */ = {
			isa = XCBuildConfiguration;
			buildSettings = {
				ALWAYS_SEARCH_USER_PATHS = NO;
				CLANG_CXX_LANGUAGE_STANDARD = "gnu++0x";
				CLANG_CXX_LIBRARY = "libc++";
				CLANG_ENABLE_MODULES = YES;
				CLANG_ENABLE_OBJC_ARC = YES;
				CLANG_WARN_BOOL_CONVERSION = YES;
				CLANG_WARN_CONSTANT_CONVERSION = YES;
				CLANG_WARN_DIRECT_OBJC_ISA_USAGE = YES_ERROR;
				CLANG_WARN_EMPTY_BODY = YES;
				CLANG_WARN_ENUM_CONVERSION = YES;
				CLANG_WARN_INT_CONVERSION = YES;
				CLANG_WARN_OBJC_ROOT_CLASS = YES_ERROR;
				CLANG_WARN_UNREACHABLE_CODE = YES;
				CLANG_WARN__DUPLICATE_METHOD_MATCH = YES;
				"CODE_SIGN_IDENTITY[sdk=iphoneos*]" = "iPhone Developer";
				COPY_PHASE_STRIP = YES;
				ENABLE_NS_ASSERTIONS = NO;
				ENABLE_STRICT_OBJC_MSGSEND = YES;
				GCC_C_LANGUAGE_STANDARD = gnu99;
				GCC_WARN_64_TO_32_BIT_CONVERSION = YES;
				GCC_WARN_ABOUT_RETURN_TYPE = YES_ERROR;
				GCC_WARN_UNDECLARED_SELECTOR = YES;
				GCC_WARN_UNINITIALIZED_AUTOS = YES_AGGRESSIVE;
				GCC_WARN_UNUSED_FUNCTION = YES;
				GCC_WARN_UNUSED_VARIABLE = YES;
				IPHONEOS_DEPLOYMENT_TARGET = 8.1;
				MTL_ENABLE_DEBUG_INFO = NO;
				SDKROOT = iphoneos;
				TARGETED_DEVICE_FAMILY = "1,2";
				VALIDATE_PRODUCT = YES;
			};
			name = Release;
		};
		478712351A4048670046F73C /* Debug */ = {
			isa = XCBuildConfiguration;
			buildSettings = {
				ASSETCATALOG_COMPILER_APPICON_NAME = AppIcon;
				INFOPLIST_FILE = ECSwiftSlidingViewController/Info.plist;
				LD_RUNPATH_SEARCH_PATHS = "$(inherited) @executable_path/Frameworks";
				PRODUCT_NAME = "$(TARGET_NAME)";
			};
			name = Debug;
		};
		478712361A4048670046F73C /* Release */ = {
			isa = XCBuildConfiguration;
			buildSettings = {
				ASSETCATALOG_COMPILER_APPICON_NAME = AppIcon;
				INFOPLIST_FILE = ECSwiftSlidingViewController/Info.plist;
				LD_RUNPATH_SEARCH_PATHS = "$(inherited) @executable_path/Frameworks";
				PRODUCT_NAME = "$(TARGET_NAME)";
			};
			name = Release;
		};
		478712381A4048670046F73C /* Debug */ = {
			isa = XCBuildConfiguration;
			buildSettings = {
				BUNDLE_LOADER = "$(TEST_HOST)";
				FRAMEWORK_SEARCH_PATHS = (
					"$(SDKROOT)/Developer/Library/Frameworks",
					"$(inherited)",
				);
				GCC_PREPROCESSOR_DEFINITIONS = (
					"DEBUG=1",
					"$(inherited)",
				);
				INFOPLIST_FILE = ECSwiftSlidingViewControllerTests/Info.plist;
				LD_RUNPATH_SEARCH_PATHS = "$(inherited) @executable_path/Frameworks @loader_path/Frameworks";
				PRODUCT_NAME = "$(TARGET_NAME)";
				TEST_HOST = "$(BUILT_PRODUCTS_DIR)/ECSwiftSlidingViewController.app/ECSwiftSlidingViewController";
			};
			name = Debug;
		};
		478712391A4048670046F73C /* Release */ = {
			isa = XCBuildConfiguration;
			buildSettings = {
				BUNDLE_LOADER = "$(TEST_HOST)";
				FRAMEWORK_SEARCH_PATHS = (
					"$(SDKROOT)/Developer/Library/Frameworks",
					"$(inherited)",
				);
				INFOPLIST_FILE = ECSwiftSlidingViewControllerTests/Info.plist;
				LD_RUNPATH_SEARCH_PATHS = "$(inherited) @executable_path/Frameworks @loader_path/Frameworks";
				PRODUCT_NAME = "$(TARGET_NAME)";
				TEST_HOST = "$(BUILT_PRODUCTS_DIR)/ECSwiftSlidingViewController.app/ECSwiftSlidingViewController";
			};
			name = Release;
		};
/* End XCBuildConfiguration section */

/* Begin XCConfigurationList section */
		478712101A4048660046F73C /* Build configuration list for PBXProject "ECSwiftSlidingViewController" */ = {
			isa = XCConfigurationList;
			buildConfigurations = (
				478712321A4048670046F73C /* Debug */,
				478712331A4048670046F73C /* Release */,
			);
			defaultConfigurationIsVisible = 0;
			defaultConfigurationName = Release;
		};
		478712341A4048670046F73C /* Build configuration list for PBXNativeTarget "ECSwiftSlidingViewController" */ = {
			isa = XCConfigurationList;
			buildConfigurations = (
				478712351A4048670046F73C /* Debug */,
				478712361A4048670046F73C /* Release */,
			);
			defaultConfigurationIsVisible = 0;
		};
		478712371A4048670046F73C /* Build configuration list for PBXNativeTarget "ECSwiftSlidingViewControllerTests" */ = {
			isa = XCConfigurationList;
			buildConfigurations = (
				478712381A4048670046F73C /* Debug */,
				478712391A4048670046F73C /* Release */,
			);
			defaultConfigurationIsVisible = 0;
		};
/* End XCConfigurationList section */
	};
	rootObject = 4787120D1A4048660046F73C /* Project object */;
}
